// !$*UTF8*$!
{
	archiveVersion = 1;
	classes = {
	};
	objectVersion = 56;
	objects = {

/* Begin PBXBuildFile section */
		F8068405298D57460066DE75 /* SearchInsertPositionTests.swift in Sources */ = {isa = PBXBuildFile; fileRef = F8068404298D57460066DE75 /* SearchInsertPositionTests.swift */; };
		F81FEE852993DCC700FB85C8 /* ReverseStringTests.swift in Sources */ = {isa = PBXBuildFile; fileRef = F81FEE842993DCC700FB85C8 /* ReverseStringTests.swift */; };
		F81FEE902993E00200FB85C8 /* ReverseWordsinaStringIIITests.swift in Sources */ = {isa = PBXBuildFile; fileRef = F81FEE8F2993E00200FB85C8 /* ReverseWordsinaStringIIITests.swift */; };
		F81FEEAF29952F1800FB85C8 /* MiddleoftheLinkedListTests.swift in Sources */ = {isa = PBXBuildFile; fileRef = F81FEEAE29952F1800FB85C8 /* MiddleoftheLinkedListTests.swift */; };
		F81FEEBA2996A5C600FB85C8 /* RemoveNthNodeFromEndofListTests.swift in Sources */ = {isa = PBXBuildFile; fileRef = F81FEEB92996A5C600FB85C8 /* RemoveNthNodeFromEndofListTests.swift */; };
		F861E39A298E8919007DCB6F /* SearchOfASortedArrayTests.swift in Sources */ = {isa = PBXBuildFile; fileRef = F861E399298E8919007DCB6F /* SearchOfASortedArrayTests.swift */; };
		F861E3B029900B63007DCB6F /* RotateArrayTests.swift in Sources */ = {isa = PBXBuildFile; fileRef = F861E3AF29900B63007DCB6F /* RotateArrayTests.swift */; };
		F861E3BB29915E4C007DCB6F /* MoveZeroesTests.swift in Sources */ = {isa = PBXBuildFile; fileRef = F861E3BA29915E4C007DCB6F /* MoveZeroesTests.swift */; };
		F861E3C6299276A1007DCB6F /* TwoSumInputArrayIsSortedTests.swift in Sources */ = {isa = PBXBuildFile; fileRef = F861E3C5299276A1007DCB6F /* TwoSumInputArrayIsSortedTests.swift */; };
		F88388F6298BF8C700C401FC /* BinarySearchTests.swift in Sources */ = {isa = PBXBuildFile; fileRef = F88388F5298BF8C700C401FC /* BinarySearchTests.swift */; };
		F88388FE298BFD1A00C401FC /* FirstBadVersionTests.swift in Sources */ = {isa = PBXBuildFile; fileRef = F88388FD298BFD1A00C401FC /* FirstBadVersionTests.swift */; };
/* End PBXBuildFile section */

/* Begin PBXFileReference section */
		F8068402298D57460066DE75 /* SearchInsertPositionTests.xctest */ = {isa = PBXFileReference; explicitFileType = wrapper.cfbundle; includeInIndex = 0; path = SearchInsertPositionTests.xctest; sourceTree = BUILT_PRODUCTS_DIR; };
		F8068404298D57460066DE75 /* SearchInsertPositionTests.swift */ = {isa = PBXFileReference; lastKnownFileType = sourcecode.swift; path = SearchInsertPositionTests.swift; sourceTree = "<group>"; };
		F81FEE822993DCC600FB85C8 /* ReverseStringTests.xctest */ = {isa = PBXFileReference; explicitFileType = wrapper.cfbundle; includeInIndex = 0; path = ReverseStringTests.xctest; sourceTree = BUILT_PRODUCTS_DIR; };
		F81FEE842993DCC700FB85C8 /* ReverseStringTests.swift */ = {isa = PBXFileReference; lastKnownFileType = sourcecode.swift; path = ReverseStringTests.swift; sourceTree = "<group>"; };
		F81FEE8D2993E00200FB85C8 /* ReverseWordsinaStringIIITests.xctest */ = {isa = PBXFileReference; explicitFileType = wrapper.cfbundle; includeInIndex = 0; path = ReverseWordsinaStringIIITests.xctest; sourceTree = BUILT_PRODUCTS_DIR; };
		F81FEE8F2993E00200FB85C8 /* ReverseWordsinaStringIIITests.swift */ = {isa = PBXFileReference; lastKnownFileType = sourcecode.swift; path = ReverseWordsinaStringIIITests.swift; sourceTree = "<group>"; };
		F81FEEAC29952F1700FB85C8 /* MiddleoftheLinkedListTests.xctest */ = {isa = PBXFileReference; explicitFileType = wrapper.cfbundle; includeInIndex = 0; path = MiddleoftheLinkedListTests.xctest; sourceTree = BUILT_PRODUCTS_DIR; };
		F81FEEAE29952F1800FB85C8 /* MiddleoftheLinkedListTests.swift */ = {isa = PBXFileReference; lastKnownFileType = sourcecode.swift; path = MiddleoftheLinkedListTests.swift; sourceTree = "<group>"; };
		F81FEEB72996A5C600FB85C8 /* RemoveNthNodeFromEndofListTests.xctest */ = {isa = PBXFileReference; explicitFileType = wrapper.cfbundle; includeInIndex = 0; path = RemoveNthNodeFromEndofListTests.xctest; sourceTree = BUILT_PRODUCTS_DIR; };
		F81FEEB92996A5C600FB85C8 /* RemoveNthNodeFromEndofListTests.swift */ = {isa = PBXFileReference; lastKnownFileType = sourcecode.swift; path = RemoveNthNodeFromEndofListTests.swift; sourceTree = "<group>"; };
		F861E397298E8919007DCB6F /* SearchOfASortedArrayTests.xctest */ = {isa = PBXFileReference; explicitFileType = wrapper.cfbundle; includeInIndex = 0; path = SearchOfASortedArrayTests.xctest; sourceTree = BUILT_PRODUCTS_DIR; };
		F861E399298E8919007DCB6F /* SearchOfASortedArrayTests.swift */ = {isa = PBXFileReference; lastKnownFileType = sourcecode.swift; path = SearchOfASortedArrayTests.swift; sourceTree = "<group>"; };
		F861E3AD29900B63007DCB6F /* RotateArrayTests.xctest */ = {isa = PBXFileReference; explicitFileType = wrapper.cfbundle; includeInIndex = 0; path = RotateArrayTests.xctest; sourceTree = BUILT_PRODUCTS_DIR; };
		F861E3AF29900B63007DCB6F /* RotateArrayTests.swift */ = {isa = PBXFileReference; lastKnownFileType = sourcecode.swift; path = RotateArrayTests.swift; sourceTree = "<group>"; };
		F861E3B829915E4C007DCB6F /* MoveZeroesTests.xctest */ = {isa = PBXFileReference; explicitFileType = wrapper.cfbundle; includeInIndex = 0; path = MoveZeroesTests.xctest; sourceTree = BUILT_PRODUCTS_DIR; };
		F861E3BA29915E4C007DCB6F /* MoveZeroesTests.swift */ = {isa = PBXFileReference; lastKnownFileType = sourcecode.swift; path = MoveZeroesTests.swift; sourceTree = "<group>"; };
		F861E3C3299276A0007DCB6F /* TwoSumInputArrayIsSortedTests.xctest */ = {isa = PBXFileReference; explicitFileType = wrapper.cfbundle; includeInIndex = 0; path = TwoSumInputArrayIsSortedTests.xctest; sourceTree = BUILT_PRODUCTS_DIR; };
		F861E3C5299276A1007DCB6F /* TwoSumInputArrayIsSortedTests.swift */ = {isa = PBXFileReference; lastKnownFileType = sourcecode.swift; path = TwoSumInputArrayIsSortedTests.swift; sourceTree = "<group>"; };
		F88388F5298BF8C700C401FC /* BinarySearchTests.swift */ = {isa = PBXFileReference; fileEncoding = 4; lastKnownFileType = sourcecode.swift; path = BinarySearchTests.swift; sourceTree = "<group>"; };
		F88388FB298BFD1A00C401FC /* FirstBadVersionTests.xctest */ = {isa = PBXFileReference; explicitFileType = wrapper.cfbundle; includeInIndex = 0; path = FirstBadVersionTests.xctest; sourceTree = BUILT_PRODUCTS_DIR; };
		F88388FD298BFD1A00C401FC /* FirstBadVersionTests.swift */ = {isa = PBXFileReference; lastKnownFileType = sourcecode.swift; path = FirstBadVersionTests.swift; sourceTree = "<group>"; };
		F8EA40D9298BF76300E803A1 /* BinarySearchTests.xctest */ = {isa = PBXFileReference; explicitFileType = wrapper.cfbundle; includeInIndex = 0; path = BinarySearchTests.xctest; sourceTree = BUILT_PRODUCTS_DIR; };
/* End PBXFileReference section */

/* Begin PBXFrameworksBuildPhase section */
		F80683FF298D57460066DE75 /* Frameworks */ = {
			isa = PBXFrameworksBuildPhase;
			buildActionMask = 2147483647;
			files = (
			);
			runOnlyForDeploymentPostprocessing = 0;
		};
		F81FEE7F2993DCC600FB85C8 /* Frameworks */ = {
			isa = PBXFrameworksBuildPhase;
			buildActionMask = 2147483647;
			files = (
			);
			runOnlyForDeploymentPostprocessing = 0;
		};
		F81FEE8A2993E00200FB85C8 /* Frameworks */ = {
			isa = PBXFrameworksBuildPhase;
			buildActionMask = 2147483647;
			files = (
			);
			runOnlyForDeploymentPostprocessing = 0;
		};
		F81FEEA929952F1700FB85C8 /* Frameworks */ = {
			isa = PBXFrameworksBuildPhase;
			buildActionMask = 2147483647;
			files = (
			);
			runOnlyForDeploymentPostprocessing = 0;
		};
		F81FEEB42996A5C600FB85C8 /* Frameworks */ = {
			isa = PBXFrameworksBuildPhase;
			buildActionMask = 2147483647;
			files = (
			);
			runOnlyForDeploymentPostprocessing = 0;
		};
		F861E394298E8919007DCB6F /* Frameworks */ = {
			isa = PBXFrameworksBuildPhase;
			buildActionMask = 2147483647;
			files = (
			);
			runOnlyForDeploymentPostprocessing = 0;
		};
		F861E3AA29900B63007DCB6F /* Frameworks */ = {
			isa = PBXFrameworksBuildPhase;
			buildActionMask = 2147483647;
			files = (
			);
			runOnlyForDeploymentPostprocessing = 0;
		};
		F861E3B529915E4C007DCB6F /* Frameworks */ = {
			isa = PBXFrameworksBuildPhase;
			buildActionMask = 2147483647;
			files = (
			);
			runOnlyForDeploymentPostprocessing = 0;
		};
		F861E3C0299276A0007DCB6F /* Frameworks */ = {
			isa = PBXFrameworksBuildPhase;
			buildActionMask = 2147483647;
			files = (
			);
			runOnlyForDeploymentPostprocessing = 0;
		};
		F88388F8298BFD1A00C401FC /* Frameworks */ = {
			isa = PBXFrameworksBuildPhase;
			buildActionMask = 2147483647;
			files = (
			);
			runOnlyForDeploymentPostprocessing = 0;
		};
		F8EA40D6298BF76300E803A1 /* Frameworks */ = {
			isa = PBXFrameworksBuildPhase;
			buildActionMask = 2147483647;
			files = (
			);
			runOnlyForDeploymentPostprocessing = 0;
		};
/* End PBXFrameworksBuildPhase section */

/* Begin PBXGroup section */
		F8068403298D57460066DE75 /* SearchInsertPositionTests */ = {
			isa = PBXGroup;
			children = (
				F8068404298D57460066DE75 /* SearchInsertPositionTests.swift */,
			);
			path = SearchInsertPositionTests;
			sourceTree = "<group>";
		};
		F81FEE832993DCC700FB85C8 /* ReverseStringTests */ = {
			isa = PBXGroup;
			children = (
				F81FEE842993DCC700FB85C8 /* ReverseStringTests.swift */,
			);
			path = ReverseStringTests;
			sourceTree = "<group>";
		};
		F81FEE8E2993E00200FB85C8 /* ReverseWordsinaStringIIITests */ = {
			isa = PBXGroup;
			children = (
				F81FEE8F2993E00200FB85C8 /* ReverseWordsinaStringIIITests.swift */,
			);
			path = ReverseWordsinaStringIIITests;
			sourceTree = "<group>";
		};
		F81FEEAD29952F1800FB85C8 /* MiddleoftheLinkedListTests */ = {
			isa = PBXGroup;
			children = (
				F81FEEAE29952F1800FB85C8 /* MiddleoftheLinkedListTests.swift */,
			);
			path = MiddleoftheLinkedListTests;
			sourceTree = "<group>";
		};
		F81FEEB82996A5C600FB85C8 /* RemoveNthNodeFromEndofListTests */ = {
			isa = PBXGroup;
			children = (
				F81FEEB92996A5C600FB85C8 /* RemoveNthNodeFromEndofListTests.swift */,
			);
			path = RemoveNthNodeFromEndofListTests;
			sourceTree = "<group>";
		};
		F861E398298E8919007DCB6F /* SearchOfASortedArrayTests */ = {
			isa = PBXGroup;
			children = (
				F861E399298E8919007DCB6F /* SearchOfASortedArrayTests.swift */,
			);
			path = SearchOfASortedArrayTests;
			sourceTree = "<group>";
		};
		F861E3AE29900B63007DCB6F /* RotateArrayTests */ = {
			isa = PBXGroup;
			children = (
				F861E3AF29900B63007DCB6F /* RotateArrayTests.swift */,
			);
			path = RotateArrayTests;
			sourceTree = "<group>";
		};
		F861E3B929915E4C007DCB6F /* MoveZeroesTests */ = {
			isa = PBXGroup;
			children = (
				F861E3BA29915E4C007DCB6F /* MoveZeroesTests.swift */,
			);
			path = MoveZeroesTests;
			sourceTree = "<group>";
		};
		F861E3C4299276A1007DCB6F /* TwoSumInputArrayIsSortedTests */ = {
			isa = PBXGroup;
			children = (
				F861E3C5299276A1007DCB6F /* TwoSumInputArrayIsSortedTests.swift */,
			);
			path = TwoSumInputArrayIsSortedTests;
			sourceTree = "<group>";
		};
		F88388FC298BFD1A00C401FC /* FirstBadVersionTests */ = {
			isa = PBXGroup;
			children = (
				F88388FD298BFD1A00C401FC /* FirstBadVersionTests.swift */,
			);
			path = FirstBadVersionTests;
			sourceTree = "<group>";
		};
		F8EA40AD298BF71500E803A1 = {
			isa = PBXGroup;
			children = (
				F8EA40DA298BF76300E803A1 /* BinarySearchTests */,
				F88388FC298BFD1A00C401FC /* FirstBadVersionTests */,
				F8068403298D57460066DE75 /* SearchInsertPositionTests */,
				F861E398298E8919007DCB6F /* SearchOfASortedArrayTests */,
				F861E3AE29900B63007DCB6F /* RotateArrayTests */,
				F861E3B929915E4C007DCB6F /* MoveZeroesTests */,
				F861E3C4299276A1007DCB6F /* TwoSumInputArrayIsSortedTests */,
				F81FEE832993DCC700FB85C8 /* ReverseStringTests */,
				F81FEE8E2993E00200FB85C8 /* ReverseWordsinaStringIIITests */,
				F81FEEAD29952F1800FB85C8 /* MiddleoftheLinkedListTests */,
				F81FEEB82996A5C600FB85C8 /* RemoveNthNodeFromEndofListTests */,
				F8EA40B8298BF71500E803A1 /* Products */,
			);
			sourceTree = "<group>";
		};
		F8EA40B8298BF71500E803A1 /* Products */ = {
			isa = PBXGroup;
			children = (
				F8EA40D9298BF76300E803A1 /* BinarySearchTests.xctest */,
				F88388FB298BFD1A00C401FC /* FirstBadVersionTests.xctest */,
				F8068402298D57460066DE75 /* SearchInsertPositionTests.xctest */,
				F861E397298E8919007DCB6F /* SearchOfASortedArrayTests.xctest */,
				F861E3AD29900B63007DCB6F /* RotateArrayTests.xctest */,
				F861E3B829915E4C007DCB6F /* MoveZeroesTests.xctest */,
				F861E3C3299276A0007DCB6F /* TwoSumInputArrayIsSortedTests.xctest */,
				F81FEE822993DCC600FB85C8 /* ReverseStringTests.xctest */,
				F81FEE8D2993E00200FB85C8 /* ReverseWordsinaStringIIITests.xctest */,
				F81FEEAC29952F1700FB85C8 /* MiddleoftheLinkedListTests.xctest */,
				F81FEEB72996A5C600FB85C8 /* RemoveNthNodeFromEndofListTests.xctest */,
			);
			name = Products;
			sourceTree = "<group>";
		};
		F8EA40DA298BF76300E803A1 /* BinarySearchTests */ = {
			isa = PBXGroup;
			children = (
				F88388F5298BF8C700C401FC /* BinarySearchTests.swift */,
			);
			path = BinarySearchTests;
			sourceTree = "<group>";
		};
/* End PBXGroup section */

/* Begin PBXNativeTarget section */
		F8068401298D57460066DE75 /* SearchInsertPositionTests */ = {
			isa = PBXNativeTarget;
			buildConfigurationList = F8068406298D57460066DE75 /* Build configuration list for PBXNativeTarget "SearchInsertPositionTests" */;
			buildPhases = (
				F80683FE298D57460066DE75 /* Sources */,
				F80683FF298D57460066DE75 /* Frameworks */,
				F8068400298D57460066DE75 /* Resources */,
			);
			buildRules = (
			);
			dependencies = (
			);
			name = SearchInsertPositionTests;
			productName = SearchInsertPositionTests;
			productReference = F8068402298D57460066DE75 /* SearchInsertPositionTests.xctest */;
			productType = "com.apple.product-type.bundle.unit-test";
		};
		F81FEE812993DCC600FB85C8 /* ReverseStringTests */ = {
			isa = PBXNativeTarget;
			buildConfigurationList = F81FEE862993DCC700FB85C8 /* Build configuration list for PBXNativeTarget "ReverseStringTests" */;
			buildPhases = (
				F81FEE7E2993DCC600FB85C8 /* Sources */,
				F81FEE7F2993DCC600FB85C8 /* Frameworks */,
				F81FEE802993DCC600FB85C8 /* Resources */,
			);
			buildRules = (
			);
			dependencies = (
			);
			name = ReverseStringTests;
			productName = ReverseStringTests;
			productReference = F81FEE822993DCC600FB85C8 /* ReverseStringTests.xctest */;
			productType = "com.apple.product-type.bundle.unit-test";
		};
		F81FEE8C2993E00200FB85C8 /* ReverseWordsinaStringIIITests */ = {
			isa = PBXNativeTarget;
			buildConfigurationList = F81FEE912993E00200FB85C8 /* Build configuration list for PBXNativeTarget "ReverseWordsinaStringIIITests" */;
			buildPhases = (
				F81FEE892993E00200FB85C8 /* Sources */,
				F81FEE8A2993E00200FB85C8 /* Frameworks */,
				F81FEE8B2993E00200FB85C8 /* Resources */,
			);
			buildRules = (
			);
			dependencies = (
			);
			name = ReverseWordsinaStringIIITests;
			productName = ReverseWordsinaStringIIITests;
			productReference = F81FEE8D2993E00200FB85C8 /* ReverseWordsinaStringIIITests.xctest */;
			productType = "com.apple.product-type.bundle.unit-test";
		};
		F81FEEAB29952F1700FB85C8 /* MiddleoftheLinkedListTests */ = {
			isa = PBXNativeTarget;
			buildConfigurationList = F81FEEB029952F1800FB85C8 /* Build configuration list for PBXNativeTarget "MiddleoftheLinkedListTests" */;
			buildPhases = (
				F81FEEA829952F1700FB85C8 /* Sources */,
				F81FEEA929952F1700FB85C8 /* Frameworks */,
				F81FEEAA29952F1700FB85C8 /* Resources */,
			);
			buildRules = (
			);
			dependencies = (
			);
			name = MiddleoftheLinkedListTests;
			productName = MiddleoftheLinkedListTests;
			productReference = F81FEEAC29952F1700FB85C8 /* MiddleoftheLinkedListTests.xctest */;
			productType = "com.apple.product-type.bundle.unit-test";
		};
		F81FEEB62996A5C600FB85C8 /* RemoveNthNodeFromEndofListTests */ = {
			isa = PBXNativeTarget;
			buildConfigurationList = F81FEEBD2996A5C600FB85C8 /* Build configuration list for PBXNativeTarget "RemoveNthNodeFromEndofListTests" */;
			buildPhases = (
				F81FEEB32996A5C600FB85C8 /* Sources */,
				F81FEEB42996A5C600FB85C8 /* Frameworks */,
				F81FEEB52996A5C600FB85C8 /* Resources */,
			);
			buildRules = (
			);
			dependencies = (
			);
			name = RemoveNthNodeFromEndofListTests;
			productName = RemoveNthNodeFromEndofListTests;
			productReference = F81FEEB72996A5C600FB85C8 /* RemoveNthNodeFromEndofListTests.xctest */;
			productType = "com.apple.product-type.bundle.unit-test";
		};
		F861E396298E8919007DCB6F /* SearchOfASortedArrayTests */ = {
			isa = PBXNativeTarget;
			buildConfigurationList = F861E39B298E8919007DCB6F /* Build configuration list for PBXNativeTarget "SearchOfASortedArrayTests" */;
			buildPhases = (
				F861E393298E8919007DCB6F /* Sources */,
				F861E394298E8919007DCB6F /* Frameworks */,
				F861E395298E8919007DCB6F /* Resources */,
			);
			buildRules = (
			);
			dependencies = (
			);
			name = SearchOfASortedArrayTests;
			productName = SearchOfASortedArrayTests;
			productReference = F861E397298E8919007DCB6F /* SearchOfASortedArrayTests.xctest */;
			productType = "com.apple.product-type.bundle.unit-test";
		};
		F861E3AC29900B63007DCB6F /* RotateArrayTests */ = {
			isa = PBXNativeTarget;
			buildConfigurationList = F861E3B129900B63007DCB6F /* Build configuration list for PBXNativeTarget "RotateArrayTests" */;
			buildPhases = (
				F861E3A929900B63007DCB6F /* Sources */,
				F861E3AA29900B63007DCB6F /* Frameworks */,
				F861E3AB29900B63007DCB6F /* Resources */,
			);
			buildRules = (
			);
			dependencies = (
			);
			name = RotateArrayTests;
			productName = RotateArrayTests;
			productReference = F861E3AD29900B63007DCB6F /* RotateArrayTests.xctest */;
			productType = "com.apple.product-type.bundle.unit-test";
		};
		F861E3B729915E4C007DCB6F /* MoveZeroesTests */ = {
			isa = PBXNativeTarget;
			buildConfigurationList = F861E3BE29915E4C007DCB6F /* Build configuration list for PBXNativeTarget "MoveZeroesTests" */;
			buildPhases = (
				F861E3B429915E4C007DCB6F /* Sources */,
				F861E3B529915E4C007DCB6F /* Frameworks */,
				F861E3B629915E4C007DCB6F /* Resources */,
			);
			buildRules = (
			);
			dependencies = (
			);
			name = MoveZeroesTests;
			productName = MoveZeroesTests;
			productReference = F861E3B829915E4C007DCB6F /* MoveZeroesTests.xctest */;
			productType = "com.apple.product-type.bundle.unit-test";
		};
		F861E3C2299276A0007DCB6F /* TwoSumInputArrayIsSortedTests */ = {
			isa = PBXNativeTarget;
			buildConfigurationList = F861E3C9299276A1007DCB6F /* Build configuration list for PBXNativeTarget "TwoSumInputArrayIsSortedTests" */;
			buildPhases = (
				F861E3BF299276A0007DCB6F /* Sources */,
				F861E3C0299276A0007DCB6F /* Frameworks */,
				F861E3C1299276A0007DCB6F /* Resources */,
			);
			buildRules = (
			);
			dependencies = (
			);
			name = TwoSumInputArrayIsSortedTests;
			productName = TwoSumInputArrayIsSorted;
			productReference = F861E3C3299276A0007DCB6F /* TwoSumInputArrayIsSortedTests.xctest */;
			productType = "com.apple.product-type.bundle.unit-test";
		};
		F88388FA298BFD1A00C401FC /* FirstBadVersionTests */ = {
			isa = PBXNativeTarget;
			buildConfigurationList = F88388FF298BFD1A00C401FC /* Build configuration list for PBXNativeTarget "FirstBadVersionTests" */;
			buildPhases = (
				F88388F7298BFD1A00C401FC /* Sources */,
				F88388F8298BFD1A00C401FC /* Frameworks */,
				F88388F9298BFD1A00C401FC /* Resources */,
			);
			buildRules = (
			);
			dependencies = (
			);
			name = FirstBadVersionTests;
			productName = FirstBadVersion;
			productReference = F88388FB298BFD1A00C401FC /* FirstBadVersionTests.xctest */;
			productType = "com.apple.product-type.bundle.unit-test";
		};
		F8EA40D8298BF76300E803A1 /* BinarySearchTests */ = {
			isa = PBXNativeTarget;
			buildConfigurationList = F8EA40DD298BF76300E803A1 /* Build configuration list for PBXNativeTarget "BinarySearchTests" */;
			buildPhases = (
				F8EA40D5298BF76300E803A1 /* Sources */,
				F8EA40D6298BF76300E803A1 /* Frameworks */,
				F8EA40D7298BF76300E803A1 /* Resources */,
			);
			buildRules = (
			);
			dependencies = (
			);
			name = BinarySearchTests;
			productName = BinarySearchTests;
			productReference = F8EA40D9298BF76300E803A1 /* BinarySearchTests.xctest */;
			productType = "com.apple.product-type.bundle.unit-test";
		};
/* End PBXNativeTarget section */

/* Begin PBXProject section */
		F8EA40AE298BF71500E803A1 /* Project object */ = {
			isa = PBXProject;
			attributes = {
				BuildIndependentTargetsInParallel = 1;
				LastSwiftUpdateCheck = 1420;
				LastUpgradeCheck = 1420;
				TargetAttributes = {
					F8068401298D57460066DE75 = {
						CreatedOnToolsVersion = 14.2;
					};
					F81FEE812993DCC600FB85C8 = {
						CreatedOnToolsVersion = 14.2;
					};
					F81FEE8C2993E00200FB85C8 = {
						CreatedOnToolsVersion = 14.2;
					};
					F81FEEAB29952F1700FB85C8 = {
						CreatedOnToolsVersion = 14.2;
					};
					F81FEEB62996A5C600FB85C8 = {
						CreatedOnToolsVersion = 14.2;
					};
					F861E396298E8919007DCB6F = {
						CreatedOnToolsVersion = 14.2;
					};
					F861E3AC29900B63007DCB6F = {
						CreatedOnToolsVersion = 14.2;
					};
					F861E3B729915E4C007DCB6F = {
						CreatedOnToolsVersion = 14.2;
					};
					F861E3C2299276A0007DCB6F = {
						CreatedOnToolsVersion = 14.2;
					};
					F88388FA298BFD1A00C401FC = {
						CreatedOnToolsVersion = 14.2;
					};
					F8EA40D8298BF76300E803A1 = {
						CreatedOnToolsVersion = 14.2;
					};
				};
			};
			buildConfigurationList = F8EA40B1298BF71500E803A1 /* Build configuration list for PBXProject "LeetCode" */;
			compatibilityVersion = "Xcode 14.0";
			developmentRegion = en;
			hasScannedForEncodings = 0;
			knownRegions = (
				en,
				Base,
			);
			mainGroup = F8EA40AD298BF71500E803A1;
			productRefGroup = F8EA40B8298BF71500E803A1 /* Products */;
			projectDirPath = "";
			projectRoot = "";
			targets = (
				F8EA40D8298BF76300E803A1 /* BinarySearchTests */,
				F88388FA298BFD1A00C401FC /* FirstBadVersionTests */,
				F8068401298D57460066DE75 /* SearchInsertPositionTests */,
				F861E396298E8919007DCB6F /* SearchOfASortedArrayTests */,
				F861E3AC29900B63007DCB6F /* RotateArrayTests */,
				F861E3B729915E4C007DCB6F /* MoveZeroesTests */,
				F861E3C2299276A0007DCB6F /* TwoSumInputArrayIsSortedTests */,
				F81FEE812993DCC600FB85C8 /* ReverseStringTests */,
				F81FEE8C2993E00200FB85C8 /* ReverseWordsinaStringIIITests */,
				F81FEEAB29952F1700FB85C8 /* MiddleoftheLinkedListTests */,
				F81FEEB62996A5C600FB85C8 /* RemoveNthNodeFromEndofListTests */,
			);
		};
/* End PBXProject section */

/* Begin PBXResourcesBuildPhase section */
		F8068400298D57460066DE75 /* Resources */ = {
			isa = PBXResourcesBuildPhase;
			buildActionMask = 2147483647;
			files = (
			);
			runOnlyForDeploymentPostprocessing = 0;
		};
		F81FEE802993DCC600FB85C8 /* Resources */ = {
			isa = PBXResourcesBuildPhase;
			buildActionMask = 2147483647;
			files = (
			);
			runOnlyForDeploymentPostprocessing = 0;
		};
		F81FEE8B2993E00200FB85C8 /* Resources */ = {
			isa = PBXResourcesBuildPhase;
			buildActionMask = 2147483647;
			files = (
			);
			runOnlyForDeploymentPostprocessing = 0;
		};
		F81FEEAA29952F1700FB85C8 /* Resources */ = {
			isa = PBXResourcesBuildPhase;
			buildActionMask = 2147483647;
			files = (
			);
			runOnlyForDeploymentPostprocessing = 0;
		};
		F81FEEB52996A5C600FB85C8 /* Resources */ = {
			isa = PBXResourcesBuildPhase;
			buildActionMask = 2147483647;
			files = (
			);
			runOnlyForDeploymentPostprocessing = 0;
		};
		F861E395298E8919007DCB6F /* Resources */ = {
			isa = PBXResourcesBuildPhase;
			buildActionMask = 2147483647;
			files = (
			);
			runOnlyForDeploymentPostprocessing = 0;
		};
		F861E3AB29900B63007DCB6F /* Resources */ = {
			isa = PBXResourcesBuildPhase;
			buildActionMask = 2147483647;
			files = (
			);
			runOnlyForDeploymentPostprocessing = 0;
		};
		F861E3B629915E4C007DCB6F /* Resources */ = {
			isa = PBXResourcesBuildPhase;
			buildActionMask = 2147483647;
			files = (
			);
			runOnlyForDeploymentPostprocessing = 0;
		};
		F861E3C1299276A0007DCB6F /* Resources */ = {
			isa = PBXResourcesBuildPhase;
			buildActionMask = 2147483647;
			files = (
			);
			runOnlyForDeploymentPostprocessing = 0;
		};
		F88388F9298BFD1A00C401FC /* Resources */ = {
			isa = PBXResourcesBuildPhase;
			buildActionMask = 2147483647;
			files = (
			);
			runOnlyForDeploymentPostprocessing = 0;
		};
		F8EA40D7298BF76300E803A1 /* Resources */ = {
			isa = PBXResourcesBuildPhase;
			buildActionMask = 2147483647;
			files = (
			);
			runOnlyForDeploymentPostprocessing = 0;
		};
/* End PBXResourcesBuildPhase section */

/* Begin PBXSourcesBuildPhase section */
		F80683FE298D57460066DE75 /* Sources */ = {
			isa = PBXSourcesBuildPhase;
			buildActionMask = 2147483647;
			files = (
				F8068405298D57460066DE75 /* SearchInsertPositionTests.swift in Sources */,
			);
			runOnlyForDeploymentPostprocessing = 0;
		};
		F81FEE7E2993DCC600FB85C8 /* Sources */ = {
			isa = PBXSourcesBuildPhase;
			buildActionMask = 2147483647;
			files = (
				F81FEE852993DCC700FB85C8 /* ReverseStringTests.swift in Sources */,
			);
			runOnlyForDeploymentPostprocessing = 0;
		};
		F81FEE892993E00200FB85C8 /* Sources */ = {
			isa = PBXSourcesBuildPhase;
			buildActionMask = 2147483647;
			files = (
				F81FEE902993E00200FB85C8 /* ReverseWordsinaStringIIITests.swift in Sources */,
			);
			runOnlyForDeploymentPostprocessing = 0;
		};
		F81FEEA829952F1700FB85C8 /* Sources */ = {
			isa = PBXSourcesBuildPhase;
			buildActionMask = 2147483647;
			files = (
				F81FEEAF29952F1800FB85C8 /* MiddleoftheLinkedListTests.swift in Sources */,
			);
			runOnlyForDeploymentPostprocessing = 0;
		};
		F81FEEB32996A5C600FB85C8 /* Sources */ = {
			isa = PBXSourcesBuildPhase;
			buildActionMask = 2147483647;
			files = (
				F81FEEBA2996A5C600FB85C8 /* RemoveNthNodeFromEndofListTests.swift in Sources */,
			);
			runOnlyForDeploymentPostprocessing = 0;
		};
		F861E393298E8919007DCB6F /* Sources */ = {
			isa = PBXSourcesBuildPhase;
			buildActionMask = 2147483647;
			files = (
				F861E39A298E8919007DCB6F /* SearchOfASortedArrayTests.swift in Sources */,
			);
			runOnlyForDeploymentPostprocessing = 0;
		};
		F861E3A929900B63007DCB6F /* Sources */ = {
			isa = PBXSourcesBuildPhase;
			buildActionMask = 2147483647;
			files = (
				F861E3B029900B63007DCB6F /* RotateArrayTests.swift in Sources */,
			);
			runOnlyForDeploymentPostprocessing = 0;
		};
		F861E3B429915E4C007DCB6F /* Sources */ = {
			isa = PBXSourcesBuildPhase;
			buildActionMask = 2147483647;
			files = (
				F861E3BB29915E4C007DCB6F /* MoveZeroesTests.swift in Sources */,
			);
			runOnlyForDeploymentPostprocessing = 0;
		};
		F861E3BF299276A0007DCB6F /* Sources */ = {
			isa = PBXSourcesBuildPhase;
			buildActionMask = 2147483647;
			files = (
				F861E3C6299276A1007DCB6F /* TwoSumInputArrayIsSortedTests.swift in Sources */,
			);
			runOnlyForDeploymentPostprocessing = 0;
		};
		F88388F7298BFD1A00C401FC /* Sources */ = {
			isa = PBXSourcesBuildPhase;
			buildActionMask = 2147483647;
			files = (
				F88388FE298BFD1A00C401FC /* FirstBadVersionTests.swift in Sources */,
			);
			runOnlyForDeploymentPostprocessing = 0;
		};
		F8EA40D5298BF76300E803A1 /* Sources */ = {
			isa = PBXSourcesBuildPhase;
			buildActionMask = 2147483647;
			files = (
				F88388F6298BF8C700C401FC /* BinarySearchTests.swift in Sources */,
			);
			runOnlyForDeploymentPostprocessing = 0;
		};
/* End PBXSourcesBuildPhase section */

/* Begin XCBuildConfiguration section */
		F8068407298D57460066DE75 /* Debug */ = {
			isa = XCBuildConfiguration;
			buildSettings = {
				CODE_SIGN_STYLE = Automatic;
				CURRENT_PROJECT_VERSION = 1;
				DEVELOPMENT_TEAM = 99HL3H54QB;
				GENERATE_INFOPLIST_FILE = YES;
				MARKETING_VERSION = 1.0;
				PRODUCT_BUNDLE_IDENTIFIER = klau.studio.SearchInsertPositionTests;
				PRODUCT_NAME = "$(TARGET_NAME)";
				SWIFT_EMIT_LOC_STRINGS = NO;
				SWIFT_VERSION = 5.0;
			};
			name = Debug;
		};
		F8068408298D57460066DE75 /* Release */ = {
			isa = XCBuildConfiguration;
			buildSettings = {
				CODE_SIGN_STYLE = Automatic;
				CURRENT_PROJECT_VERSION = 1;
				DEVELOPMENT_TEAM = 99HL3H54QB;
				GENERATE_INFOPLIST_FILE = YES;
				MARKETING_VERSION = 1.0;
				PRODUCT_BUNDLE_IDENTIFIER = klau.studio.SearchInsertPositionTests;
				PRODUCT_NAME = "$(TARGET_NAME)";
				SWIFT_EMIT_LOC_STRINGS = NO;
				SWIFT_VERSION = 5.0;
			};
			name = Release;
		};
		F81FEE872993DCC700FB85C8 /* Debug */ = {
			isa = XCBuildConfiguration;
			buildSettings = {
				CODE_SIGN_STYLE = Automatic;
				CURRENT_PROJECT_VERSION = 1;
				DEVELOPMENT_TEAM = 99HL3H54QB;
				GENERATE_INFOPLIST_FILE = YES;
				MARKETING_VERSION = 1.0;
				PRODUCT_BUNDLE_IDENTIFIER = klau.studio.ReverseStringTests;
				PRODUCT_NAME = "$(TARGET_NAME)";
				SWIFT_EMIT_LOC_STRINGS = NO;
				SWIFT_VERSION = 5.0;
			};
			name = Debug;
		};
		F81FEE882993DCC700FB85C8 /* Release */ = {
			isa = XCBuildConfiguration;
			buildSettings = {
				CODE_SIGN_STYLE = Automatic;
				CURRENT_PROJECT_VERSION = 1;
				DEVELOPMENT_TEAM = 99HL3H54QB;
				GENERATE_INFOPLIST_FILE = YES;
				MARKETING_VERSION = 1.0;
				PRODUCT_BUNDLE_IDENTIFIER = klau.studio.ReverseStringTests;
				PRODUCT_NAME = "$(TARGET_NAME)";
				SWIFT_EMIT_LOC_STRINGS = NO;
				SWIFT_VERSION = 5.0;
			};
			name = Release;
		};
		F81FEE922993E00200FB85C8 /* Debug */ = {
			isa = XCBuildConfiguration;
			buildSettings = {
				CODE_SIGN_STYLE = Automatic;
				CURRENT_PROJECT_VERSION = 1;
				DEVELOPMENT_TEAM = 99HL3H54QB;
				GENERATE_INFOPLIST_FILE = YES;
				MARKETING_VERSION = 1.0;
				PRODUCT_BUNDLE_IDENTIFIER = klau.studio.ReverseWordsinaStringIIITests;
				PRODUCT_NAME = "$(TARGET_NAME)";
				SWIFT_EMIT_LOC_STRINGS = NO;
				SWIFT_VERSION = 5.0;
			};
			name = Debug;
		};
		F81FEE932993E00200FB85C8 /* Release */ = {
			isa = XCBuildConfiguration;
			buildSettings = {
				CODE_SIGN_STYLE = Automatic;
				CURRENT_PROJECT_VERSION = 1;
				DEVELOPMENT_TEAM = 99HL3H54QB;
				GENERATE_INFOPLIST_FILE = YES;
				MARKETING_VERSION = 1.0;
				PRODUCT_BUNDLE_IDENTIFIER = klau.studio.ReverseWordsinaStringIIITests;
				PRODUCT_NAME = "$(TARGET_NAME)";
				SWIFT_EMIT_LOC_STRINGS = NO;
				SWIFT_VERSION = 5.0;
			};
			name = Release;
		};
		F81FEEB129952F1800FB85C8 /* Debug */ = {
			isa = XCBuildConfiguration;
			buildSettings = {
				CODE_SIGN_STYLE = Automatic;
				CURRENT_PROJECT_VERSION = 1;
				DEVELOPMENT_TEAM = 99HL3H54QB;
				GENERATE_INFOPLIST_FILE = YES;
				MARKETING_VERSION = 1.0;
				PRODUCT_BUNDLE_IDENTIFIER = klau.studio.MiddleoftheLinkedListTests;
				PRODUCT_NAME = "$(TARGET_NAME)";
				SWIFT_EMIT_LOC_STRINGS = NO;
				SWIFT_VERSION = 5.0;
			};
			name = Debug;
		};
		F81FEEB229952F1800FB85C8 /* Release */ = {
			isa = XCBuildConfiguration;
			buildSettings = {
				CODE_SIGN_STYLE = Automatic;
				CURRENT_PROJECT_VERSION = 1;
				DEVELOPMENT_TEAM = 99HL3H54QB;
				GENERATE_INFOPLIST_FILE = YES;
				MARKETING_VERSION = 1.0;
				PRODUCT_BUNDLE_IDENTIFIER = klau.studio.MiddleoftheLinkedListTests;
				PRODUCT_NAME = "$(TARGET_NAME)";
				SWIFT_EMIT_LOC_STRINGS = NO;
				SWIFT_VERSION = 5.0;
			};
			name = Release;
		};
		F81FEEBB2996A5C600FB85C8 /* Debug */ = {
			isa = XCBuildConfiguration;
			buildSettings = {
				CODE_SIGN_STYLE = Automatic;
				CURRENT_PROJECT_VERSION = 1;
				DEVELOPMENT_TEAM = 99HL3H54QB;
				GENERATE_INFOPLIST_FILE = YES;
				MARKETING_VERSION = 1.0;
				PRODUCT_BUNDLE_IDENTIFIER = klau.studio.RemoveNthNodeFromEndofListTests;
				PRODUCT_NAME = "$(TARGET_NAME)";
				SWIFT_EMIT_LOC_STRINGS = NO;
				SWIFT_VERSION = 5.0;
			};
			name = Debug;
		};
		F81FEEBC2996A5C600FB85C8 /* Release */ = {
			isa = XCBuildConfiguration;
			buildSettings = {
				CODE_SIGN_STYLE = Automatic;
				CURRENT_PROJECT_VERSION = 1;
				DEVELOPMENT_TEAM = 99HL3H54QB;
				GENERATE_INFOPLIST_FILE = YES;
				MARKETING_VERSION = 1.0;
				PRODUCT_BUNDLE_IDENTIFIER = klau.studio.RemoveNthNodeFromEndofListTests;
				PRODUCT_NAME = "$(TARGET_NAME)";
				SWIFT_EMIT_LOC_STRINGS = NO;
				SWIFT_VERSION = 5.0;
			};
			name = Release;
		};
		F861E39C298E8919007DCB6F /* Debug */ = {
			isa = XCBuildConfiguration;
			buildSettings = {
				CODE_SIGN_STYLE = Automatic;
				CURRENT_PROJECT_VERSION = 1;
				DEVELOPMENT_TEAM = 99HL3H54QB;
				GENERATE_INFOPLIST_FILE = YES;
				MARKETING_VERSION = 1.0;
				PRODUCT_BUNDLE_IDENTIFIER = klau.studio.SearchOfASortedArrayTests;
				PRODUCT_NAME = "$(TARGET_NAME)";
				SWIFT_EMIT_LOC_STRINGS = NO;
				SWIFT_VERSION = 5.0;
			};
			name = Debug;
		};
		F861E39D298E8919007DCB6F /* Release */ = {
			isa = XCBuildConfiguration;
			buildSettings = {
				CODE_SIGN_STYLE = Automatic;
				CURRENT_PROJECT_VERSION = 1;
				DEVELOPMENT_TEAM = 99HL3H54QB;
				GENERATE_INFOPLIST_FILE = YES;
				MARKETING_VERSION = 1.0;
				PRODUCT_BUNDLE_IDENTIFIER = klau.studio.SearchOfASortedArrayTests;
				PRODUCT_NAME = "$(TARGET_NAME)";
				SWIFT_EMIT_LOC_STRINGS = NO;
				SWIFT_VERSION = 5.0;
			};
			name = Release;
		};
		F861E3B229900B63007DCB6F /* Debug */ = {
			isa = XCBuildConfiguration;
			buildSettings = {
				CODE_SIGN_STYLE = Automatic;
				CURRENT_PROJECT_VERSION = 1;
				DEVELOPMENT_TEAM = 99HL3H54QB;
				GENERATE_INFOPLIST_FILE = YES;
				MARKETING_VERSION = 1.0;
				PRODUCT_BUNDLE_IDENTIFIER = klau.studio.RotateArrayTests;
				PRODUCT_NAME = "$(TARGET_NAME)";
				SWIFT_EMIT_LOC_STRINGS = NO;
				SWIFT_VERSION = 5.0;
			};
			name = Debug;
		};
		F861E3B329900B63007DCB6F /* Release */ = {
			isa = XCBuildConfiguration;
			buildSettings = {
				CODE_SIGN_STYLE = Automatic;
				CURRENT_PROJECT_VERSION = 1;
				DEVELOPMENT_TEAM = 99HL3H54QB;
				GENERATE_INFOPLIST_FILE = YES;
				MARKETING_VERSION = 1.0;
				PRODUCT_BUNDLE_IDENTIFIER = klau.studio.RotateArrayTests;
				PRODUCT_NAME = "$(TARGET_NAME)";
				SWIFT_EMIT_LOC_STRINGS = NO;
				SWIFT_VERSION = 5.0;
			};
			name = Release;
		};
		F861E3BC29915E4C007DCB6F /* Debug */ = {
			isa = XCBuildConfiguration;
			buildSettings = {
				CODE_SIGN_STYLE = Automatic;
				CURRENT_PROJECT_VERSION = 1;
				DEVELOPMENT_TEAM = 99HL3H54QB;
				GENERATE_INFOPLIST_FILE = YES;
				MARKETING_VERSION = 1.0;
				PRODUCT_BUNDLE_IDENTIFIER = klau.studio.MoveZeroesTests;
				PRODUCT_NAME = "$(TARGET_NAME)";
				SWIFT_EMIT_LOC_STRINGS = NO;
				SWIFT_VERSION = 5.0;
			};
			name = Debug;
		};
		F861E3BD29915E4C007DCB6F /* Release */ = {
			isa = XCBuildConfiguration;
			buildSettings = {
				CODE_SIGN_STYLE = Automatic;
				CURRENT_PROJECT_VERSION = 1;
				DEVELOPMENT_TEAM = 99HL3H54QB;
				GENERATE_INFOPLIST_FILE = YES;
				MARKETING_VERSION = 1.0;
				PRODUCT_BUNDLE_IDENTIFIER = klau.studio.MoveZeroesTests;
				PRODUCT_NAME = "$(TARGET_NAME)";
				SWIFT_EMIT_LOC_STRINGS = NO;
				SWIFT_VERSION = 5.0;
			};
			name = Release;
		};
		F861E3C7299276A1007DCB6F /* Debug */ = {
			isa = XCBuildConfiguration;
			buildSettings = {
				CODE_SIGN_STYLE = Automatic;
				CURRENT_PROJECT_VERSION = 1;
				DEVELOPMENT_TEAM = 99HL3H54QB;
				GENERATE_INFOPLIST_FILE = YES;
				MARKETING_VERSION = 1.0;
				PRODUCT_BUNDLE_IDENTIFIER = klau.studio.TwoSumInputArrayIsSorted;
				PRODUCT_NAME = "$(TARGET_NAME)";
				SWIFT_EMIT_LOC_STRINGS = NO;
				SWIFT_VERSION = 5.0;
			};
			name = Debug;
		};
		F861E3C8299276A1007DCB6F /* Release */ = {
			isa = XCBuildConfiguration;
			buildSettings = {
				CODE_SIGN_STYLE = Automatic;
				CURRENT_PROJECT_VERSION = 1;
				DEVELOPMENT_TEAM = 99HL3H54QB;
				GENERATE_INFOPLIST_FILE = YES;
				MARKETING_VERSION = 1.0;
				PRODUCT_BUNDLE_IDENTIFIER = klau.studio.TwoSumInputArrayIsSorted;
				PRODUCT_NAME = "$(TARGET_NAME)";
				SWIFT_EMIT_LOC_STRINGS = NO;
				SWIFT_VERSION = 5.0;
			};
			name = Release;
		};
		F8838900298BFD1A00C401FC /* Debug */ = {
			isa = XCBuildConfiguration;
			buildSettings = {
				CODE_SIGN_STYLE = Automatic;
				CURRENT_PROJECT_VERSION = 1;
				DEVELOPMENT_TEAM = 99HL3H54QB;
				GENERATE_INFOPLIST_FILE = YES;
				MARKETING_VERSION = 1.0;
				PRODUCT_BUNDLE_IDENTIFIER = klau.studio.FirstBadVersion;
				PRODUCT_NAME = "$(TARGET_NAME)";
				SWIFT_EMIT_LOC_STRINGS = NO;
				SWIFT_VERSION = 5.0;
			};
			name = Debug;
		};
		F8838901298BFD1A00C401FC /* Release */ = {
			isa = XCBuildConfiguration;
			buildSettings = {
				CODE_SIGN_STYLE = Automatic;
				CURRENT_PROJECT_VERSION = 1;
				DEVELOPMENT_TEAM = 99HL3H54QB;
				GENERATE_INFOPLIST_FILE = YES;
				MARKETING_VERSION = 1.0;
				PRODUCT_BUNDLE_IDENTIFIER = klau.studio.FirstBadVersion;
				PRODUCT_NAME = "$(TARGET_NAME)";
				SWIFT_EMIT_LOC_STRINGS = NO;
				SWIFT_VERSION = 5.0;
			};
			name = Release;
		};
		F8EA40C7298BF71500E803A1 /* Debug */ = {
			isa = XCBuildConfiguration;
			buildSettings = {
				ALWAYS_SEARCH_USER_PATHS = NO;
				CLANG_ANALYZER_NONNULL = YES;
				CLANG_ANALYZER_NUMBER_OBJECT_CONVERSION = YES_AGGRESSIVE;
				CLANG_CXX_LANGUAGE_STANDARD = "gnu++20";
				CLANG_ENABLE_MODULES = YES;
				CLANG_ENABLE_OBJC_ARC = YES;
				CLANG_ENABLE_OBJC_WEAK = YES;
				CLANG_WARN_BLOCK_CAPTURE_AUTORELEASING = YES;
				CLANG_WARN_BOOL_CONVERSION = YES;
				CLANG_WARN_COMMA = YES;
				CLANG_WARN_CONSTANT_CONVERSION = YES;
				CLANG_WARN_DEPRECATED_OBJC_IMPLEMENTATIONS = YES;
				CLANG_WARN_DIRECT_OBJC_ISA_USAGE = YES_ERROR;
				CLANG_WARN_DOCUMENTATION_COMMENTS = YES;
				CLANG_WARN_EMPTY_BODY = YES;
				CLANG_WARN_ENUM_CONVERSION = YES;
				CLANG_WARN_INFINITE_RECURSION = YES;
				CLANG_WARN_INT_CONVERSION = YES;
				CLANG_WARN_NON_LITERAL_NULL_CONVERSION = YES;
				CLANG_WARN_OBJC_IMPLICIT_RETAIN_SELF = YES;
				CLANG_WARN_OBJC_LITERAL_CONVERSION = YES;
				CLANG_WARN_OBJC_ROOT_CLASS = YES_ERROR;
				CLANG_WARN_QUOTED_INCLUDE_IN_FRAMEWORK_HEADER = YES;
				CLANG_WARN_RANGE_LOOP_ANALYSIS = YES;
				CLANG_WARN_STRICT_PROTOTYPES = YES;
				CLANG_WARN_SUSPICIOUS_MOVE = YES;
				CLANG_WARN_UNGUARDED_AVAILABILITY = YES_AGGRESSIVE;
				CLANG_WARN_UNREACHABLE_CODE = YES;
				CLANG_WARN__DUPLICATE_METHOD_MATCH = YES;
				COPY_PHASE_STRIP = NO;
				CURRENT_PROJECT_VERSION = 1;
				DEBUG_INFORMATION_FORMAT = dwarf;
				ENABLE_STRICT_OBJC_MSGSEND = YES;
				ENABLE_TESTABILITY = YES;
				GCC_C_LANGUAGE_STANDARD = gnu11;
				GCC_DYNAMIC_NO_PIC = NO;
				GCC_NO_COMMON_BLOCKS = YES;
				GCC_OPTIMIZATION_LEVEL = 0;
				GCC_PREPROCESSOR_DEFINITIONS = (
					"DEBUG=1",
					"$(inherited)",
				);
				GCC_WARN_64_TO_32_BIT_CONVERSION = YES;
				GCC_WARN_ABOUT_RETURN_TYPE = YES_ERROR;
				GCC_WARN_UNDECLARED_SELECTOR = YES;
				GCC_WARN_UNINITIALIZED_AUTOS = YES_AGGRESSIVE;
				GCC_WARN_UNUSED_FUNCTION = YES;
				GCC_WARN_UNUSED_VARIABLE = YES;
				MACOSX_DEPLOYMENT_TARGET = 13.1;
				MTL_ENABLE_DEBUG_INFO = INCLUDE_SOURCE;
				MTL_FAST_MATH = YES;
				ONLY_ACTIVE_ARCH = YES;
				SDKROOT = macosx;
				SWIFT_ACTIVE_COMPILATION_CONDITIONS = DEBUG;
				SWIFT_OPTIMIZATION_LEVEL = "-Onone";
				VERSIONING_SYSTEM = "apple-generic";
				VERSION_INFO_PREFIX = "";
			};
			name = Debug;
		};
		F8EA40C8298BF71500E803A1 /* Release */ = {
			isa = XCBuildConfiguration;
			buildSettings = {
				ALWAYS_SEARCH_USER_PATHS = NO;
				CLANG_ANALYZER_NONNULL = YES;
				CLANG_ANALYZER_NUMBER_OBJECT_CONVERSION = YES_AGGRESSIVE;
				CLANG_CXX_LANGUAGE_STANDARD = "gnu++20";
				CLANG_ENABLE_MODULES = YES;
				CLANG_ENABLE_OBJC_ARC = YES;
				CLANG_ENABLE_OBJC_WEAK = YES;
				CLANG_WARN_BLOCK_CAPTURE_AUTORELEASING = YES;
				CLANG_WARN_BOOL_CONVERSION = YES;
				CLANG_WARN_COMMA = YES;
				CLANG_WARN_CONSTANT_CONVERSION = YES;
				CLANG_WARN_DEPRECATED_OBJC_IMPLEMENTATIONS = YES;
				CLANG_WARN_DIRECT_OBJC_ISA_USAGE = YES_ERROR;
				CLANG_WARN_DOCUMENTATION_COMMENTS = YES;
				CLANG_WARN_EMPTY_BODY = YES;
				CLANG_WARN_ENUM_CONVERSION = YES;
				CLANG_WARN_INFINITE_RECURSION = YES;
				CLANG_WARN_INT_CONVERSION = YES;
				CLANG_WARN_NON_LITERAL_NULL_CONVERSION = YES;
				CLANG_WARN_OBJC_IMPLICIT_RETAIN_SELF = YES;
				CLANG_WARN_OBJC_LITERAL_CONVERSION = YES;
				CLANG_WARN_OBJC_ROOT_CLASS = YES_ERROR;
				CLANG_WARN_QUOTED_INCLUDE_IN_FRAMEWORK_HEADER = YES;
				CLANG_WARN_RANGE_LOOP_ANALYSIS = YES;
				CLANG_WARN_STRICT_PROTOTYPES = YES;
				CLANG_WARN_SUSPICIOUS_MOVE = YES;
				CLANG_WARN_UNGUARDED_AVAILABILITY = YES_AGGRESSIVE;
				CLANG_WARN_UNREACHABLE_CODE = YES;
				CLANG_WARN__DUPLICATE_METHOD_MATCH = YES;
				COPY_PHASE_STRIP = NO;
				CURRENT_PROJECT_VERSION = 1;
				DEBUG_INFORMATION_FORMAT = "dwarf-with-dsym";
				ENABLE_NS_ASSERTIONS = NO;
				ENABLE_STRICT_OBJC_MSGSEND = YES;
				GCC_C_LANGUAGE_STANDARD = gnu11;
				GCC_NO_COMMON_BLOCKS = YES;
				GCC_WARN_64_TO_32_BIT_CONVERSION = YES;
				GCC_WARN_ABOUT_RETURN_TYPE = YES_ERROR;
				GCC_WARN_UNDECLARED_SELECTOR = YES;
				GCC_WARN_UNINITIALIZED_AUTOS = YES_AGGRESSIVE;
				GCC_WARN_UNUSED_FUNCTION = YES;
				GCC_WARN_UNUSED_VARIABLE = YES;
				MACOSX_DEPLOYMENT_TARGET = 13.1;
				MTL_ENABLE_DEBUG_INFO = NO;
				MTL_FAST_MATH = YES;
				SDKROOT = macosx;
				SWIFT_COMPILATION_MODE = wholemodule;
				SWIFT_OPTIMIZATION_LEVEL = "-O";
				VERSIONING_SYSTEM = "apple-generic";
				VERSION_INFO_PREFIX = "";
			};
			name = Release;
		};
		F8EA40DE298BF76300E803A1 /* Debug */ = {
			isa = XCBuildConfiguration;
			buildSettings = {
				CODE_SIGN_STYLE = Automatic;
				CURRENT_PROJECT_VERSION = 1;
				DEVELOPMENT_TEAM = 99HL3H54QB;
				GENERATE_INFOPLIST_FILE = YES;
				MARKETING_VERSION = 1.0;
				PRODUCT_BUNDLE_IDENTIFIER = klau.studio.BinarySearchTests;
				PRODUCT_NAME = "$(TARGET_NAME)";
				SWIFT_EMIT_LOC_STRINGS = NO;
				SWIFT_VERSION = 5.0;
			};
			name = Debug;
		};
		F8EA40DF298BF76300E803A1 /* Release */ = {
			isa = XCBuildConfiguration;
			buildSettings = {
				CODE_SIGN_STYLE = Automatic;
				CURRENT_PROJECT_VERSION = 1;
				DEVELOPMENT_TEAM = 99HL3H54QB;
				GENERATE_INFOPLIST_FILE = YES;
				MARKETING_VERSION = 1.0;
				PRODUCT_BUNDLE_IDENTIFIER = klau.studio.BinarySearchTests;
				PRODUCT_NAME = "$(TARGET_NAME)";
				SWIFT_EMIT_LOC_STRINGS = NO;
				SWIFT_VERSION = 5.0;
			};
			name = Release;
		};
/* End XCBuildConfiguration section */

/* Begin XCConfigurationList section */
		F8068406298D57460066DE75 /* Build configuration list for PBXNativeTarget "SearchInsertPositionTests" */ = {
			isa = XCConfigurationList;
			buildConfigurations = (
				F8068407298D57460066DE75 /* Debug */,
				F8068408298D57460066DE75 /* Release */,
			);
			defaultConfigurationIsVisible = 0;
			defaultConfigurationName = Release;
		};
		F81FEE862993DCC700FB85C8 /* Build configuration list for PBXNativeTarget "ReverseStringTests" */ = {
			isa = XCConfigurationList;
			buildConfigurations = (
				F81FEE872993DCC700FB85C8 /* Debug */,
				F81FEE882993DCC700FB85C8 /* Release */,
			);
			defaultConfigurationIsVisible = 0;
			defaultConfigurationName = Release;
		};
		F81FEE912993E00200FB85C8 /* Build configuration list for PBXNativeTarget "ReverseWordsinaStringIIITests" */ = {
			isa = XCConfigurationList;
			buildConfigurations = (
				F81FEE922993E00200FB85C8 /* Debug */,
				F81FEE932993E00200FB85C8 /* Release */,
			);
			defaultConfigurationIsVisible = 0;
			defaultConfigurationName = Release;
		};
		F81FEEB029952F1800FB85C8 /* Build configuration list for PBXNativeTarget "MiddleoftheLinkedListTests" */ = {
			isa = XCConfigurationList;
			buildConfigurations = (
				F81FEEB129952F1800FB85C8 /* Debug */,
				F81FEEB229952F1800FB85C8 /* Release */,
			);
			defaultConfigurationIsVisible = 0;
			defaultConfigurationName = Release;
		};
		F81FEEBD2996A5C600FB85C8 /* Build configuration list for PBXNativeTarget "RemoveNthNodeFromEndofListTests" */ = {
			isa = XCConfigurationList;
			buildConfigurations = (
				F81FEEBB2996A5C600FB85C8 /* Debug */,
				F81FEEBC2996A5C600FB85C8 /* Release */,
			);
			defaultConfigurationIsVisible = 0;
			defaultConfigurationName = Release;
		};
		F861E39B298E8919007DCB6F /* Build configuration list for PBXNativeTarget "SearchOfASortedArrayTests" */ = {
			isa = XCConfigurationList;
			buildConfigurations = (
				F861E39C298E8919007DCB6F /* Debug */,
				F861E39D298E8919007DCB6F /* Release */,
			);
			defaultConfigurationIsVisible = 0;
			defaultConfigurationName = Release;
		};
		F861E3B129900B63007DCB6F /* Build configuration list for PBXNativeTarget "RotateArrayTests" */ = {
			isa = XCConfigurationList;
			buildConfigurations = (
				F861E3B229900B63007DCB6F /* Debug */,
				F861E3B329900B63007DCB6F /* Release */,
			);
			defaultConfigurationIsVisible = 0;
			defaultConfigurationName = Release;
		};
		F861E3BE29915E4C007DCB6F /* Build configuration list for PBXNativeTarget "MoveZeroesTests" */ = {
			isa = XCConfigurationList;
			buildConfigurations = (
				F861E3BC29915E4C007DCB6F /* Debug */,
				F861E3BD29915E4C007DCB6F /* Release */,
			);
			defaultConfigurationIsVisible = 0;
			defaultConfigurationName = Release;
		};
		F861E3C9299276A1007DCB6F /* Build configuration list for PBXNativeTarget "TwoSumInputArrayIsSortedTests" */ = {
			isa = XCConfigurationList;
			buildConfigurations = (
				F861E3C7299276A1007DCB6F /* Debug */,
				F861E3C8299276A1007DCB6F /* Release */,
			);
			defaultConfigurationIsVisible = 0;
			defaultConfigurationName = Release;
		};
		F88388FF298BFD1A00C401FC /* Build configuration list for PBXNativeTarget "FirstBadVersionTests" */ = {
			isa = XCConfigurationList;
			buildConfigurations = (
				F8838900298BFD1A00C401FC /* Debug */,
				F8838901298BFD1A00C401FC /* Release */,
			);
			defaultConfigurationIsVisible = 0;
			defaultConfigurationName = Release;
		};
		F8EA40B1298BF71500E803A1 /* Build configuration list for PBXProject "LeetCode" */ = {
			isa = XCConfigurationList;
			buildConfigurations = (
				F8EA40C7298BF71500E803A1 /* Debug */,
				F8EA40C8298BF71500E803A1 /* Release */,
			);
			defaultConfigurationIsVisible = 0;
			defaultConfigurationName = Release;
		};
		F8EA40DD298BF76300E803A1 /* Build configuration list for PBXNativeTarget "BinarySearchTests" */ = {
			isa = XCConfigurationList;
			buildConfigurations = (
				F8EA40DE298BF76300E803A1 /* Debug */,
				F8EA40DF298BF76300E803A1 /* Release */,
			);
			defaultConfigurationIsVisible = 0;
			defaultConfigurationName = Release;
		};
/* End XCConfigurationList section */
	};
	rootObject = F8EA40AE298BF71500E803A1 /* Project object */;
}
